
Microsoft Visual Studio Solution File, Format Version 12.00
# Visual Studio Version 17
VisualStudioVersion = 17.2.32516.85
MinimumVisualStudioVersion = 10.0.40219.1
Project("{9A19103F-16F7-4668-BE54-9A1E7A4F7556}") = "CommonApi", "CommonApi\CommonApi.csproj", "{960032DF-9BE9-4804-B7B2-A78C4CD5A71B}"
EndProject
Project("{2150E333-8FDC-42A3-9474-1A3956D46DE8}") = "Service", "Service", "{7002CBD3-821B-4DB3-AA11-BA289898166A}"
EndProject
Project("{2150E333-8FDC-42A3-9474-1A3956D46DE8}") = "Tools", "Tools", "{4AE43ED4-46B2-4EAA-87F0-389879272CEA}"
EndProject
Project("{9A19103F-16F7-4668-BE54-9A1E7A4F7556}") = "Common.Utils", "Common.Utils\Common.Utils.csproj", "{36C60D0D-56F7-47B2-A6BA-49D1A61F6C46}"
EndProject
Project("{9A19103F-16F7-4668-BE54-9A1E7A4F7556}") = "Common.Model", "Common.Model\Common.Model.csproj", "{675ED92A-9B13-478C-8E84-C6C960947BA2}"
EndProject
Project("{9A19103F-16F7-4668-BE54-9A1E7A4F7556}") = "Common.Extentions", "Common.Extentions\Common.Extentions.csproj", "{99ED0B81-23BF-4CC8-8D48-897E267C07BA}"
EndProject
Project("{9A19103F-16F7-4668-BE54-9A1E7A4F7556}") = "Common.Repository", "Common.Repository\Common.Repository.csproj", "{FC69F3CD-7534-436E-87B6-E83DE923CFCF}"
EndProject
Project("{9A19103F-16F7-4668-BE54-9A1E7A4F7556}") = "Common.Service", "Common.Service\Common.Service.csproj", "{CD35420C-CBA2-4C69-AAED-5AA6C050579C}"
EndProject
Project("{2150E333-8FDC-42A3-9474-1A3956D46DE8}") = "Generator", "Generator", "{B0EF8CB0-F3E6-44E2-A90A-3AFA8275DCA1}"
EndProject
Project("{9A19103F-16F7-4668-BE54-9A1E7A4F7556}") = "CommonApi.FrameWork", "Common.FrameWork\CommonApi.FrameWork.csproj", "{807D6B30-B6B7-4CC5-955E-1F9A752895E6}"
EndProject
Global
	GlobalSection(SolutionConfigurationPlatforms) = preSolution
		Debug|Any CPU = Debug|Any CPU
		Release|Any CPU = Release|Any CPU
	EndGlobalSection
	GlobalSection(ProjectConfigurationPlatforms) = postSolution
		{960032DF-9BE9-4804-B7B2-A78C4CD5A71B}.Debug|Any CPU.ActiveCfg = Debug|Any CPU
		{960032DF-9BE9-4804-B7B2-A78C4CD5A71B}.Debug|Any CPU.Build.0 = Debug|Any CPU
		{960032DF-9BE9-4804-B7B2-A78C4CD5A71B}.Release|Any CPU.ActiveCfg = Release|Any CPU
		{960032DF-9BE9-4804-B7B2-A78C4CD5A71B}.Release|Any CPU.Build.0 = Release|Any CPU
		{36C60D0D-56F7-47B2-A6BA-49D1A61F6C46}.Debug|Any CPU.ActiveCfg = Debug|Any CPU
		{36C60D0D-56F7-47B2-A6BA-49D1A61F6C46}.Debug|Any CPU.Build.0 = Debug|Any CPU
		{36C60D0D-56F7-47B2-A6BA-49D1A61F6C46}.Release|Any CPU.ActiveCfg = Release|Any CPU
		{36C60D0D-56F7-47B2-A6BA-49D1A61F6C46}.Release|Any CPU.Build.0 = Release|Any CPU
		{675ED92A-9B13-478C-8E84-C6C960947BA2}.Debug|Any CPU.ActiveCfg = Debug|Any CPU
		{675ED92A-9B13-478C-8E84-C6C960947BA2}.Debug|Any CPU.Build.0 = Debug|Any CPU
		{675ED92A-9B13-478C-8E84-C6C960947BA2}.Release|Any CPU.ActiveCfg = Release|Any CPU
		{675ED92A-9B13-478C-8E84-C6C960947BA2}.Release|Any CPU.Build.0 = Release|Any CPU
		{99ED0B81-23BF-4CC8-8D48-897E267C07BA}.Debug|Any CPU.ActiveCfg = Debug|Any CPU
		{99ED0B81-23BF-4CC8-8D48-897E267C07BA}.Debug|Any CPU.Build.0 = Debug|Any CPU
		{99ED0B81-23BF-4CC8-8D48-897E267C07BA}.Release|Any CPU.ActiveCfg = Release|Any CPU
		{99ED0B81-23BF-4CC8-8D48-897E267C07BA}.Release|Any CPU.Build.0 = Release|Any CPU
		{FC69F3CD-7534-436E-87B6-E83DE923CFCF}.Debug|Any CPU.ActiveCfg = Debug|Any CPU
		{FC69F3CD-7534-436E-87B6-E83DE923CFCF}.Debug|Any CPU.Build.0 = Debug|Any CPU
		{FC69F3CD-7534-436E-87B6-E83DE923CFCF}.Release|Any CPU.ActiveCfg = Release|Any CPU
		{FC69F3CD-7534-436E-87B6-E83DE923CFCF}.Release|Any CPU.Build.0 = Release|Any CPU
		{CD35420C-CBA2-4C69-AAED-5AA6C050579C}.Debug|Any CPU.ActiveCfg = Debug|Any CPU
		{CD35420C-CBA2-4C69-AAED-5AA6C050579C}.Debug|Any CPU.Build.0 = Debug|Any CPU
		{CD35420C-CBA2-4C69-AAED-5AA6C050579C}.Release|Any CPU.ActiveCfg = Release|Any CPU
		{CD35420C-CBA2-4C69-AAED-5AA6C050579C}.Release|Any CPU.Build.0 = Release|Any CPU
		{807D6B30-B6B7-4CC5-955E-1F9A752895E6}.Debug|Any CPU.ActiveCfg = Debug|Any CPU
		{807D6B30-B6B7-4CC5-955E-1F9A752895E6}.Debug|Any CPU.Build.0 = Debug|Any CPU
		{807D6B30-B6B7-4CC5-955E-1F9A752895E6}.Release|Any CPU.ActiveCfg = Release|Any CPU
		{807D6B30-B6B7-4CC5-955E-1F9A752895E6}.Release|Any CPU.Build.0 = Release|Any CPU
	EndGlobalSection
	GlobalSection(SolutionProperties) = preSolution
		HideSolutionNode = FALSE
	EndGlobalSection
	GlobalSection(NestedProjects) = preSolution
		{36C60D0D-56F7-47B2-A6BA-49D1A61F6C46} = {4AE43ED4-46B2-4EAA-87F0-389879272CEA}
		{675ED92A-9B13-478C-8E84-C6C960947BA2} = {7002CBD3-821B-4DB3-AA11-BA289898166A}
		{99ED0B81-23BF-4CC8-8D48-897E267C07BA} = {4AE43ED4-46B2-4EAA-87F0-389879272CEA}
		{FC69F3CD-7534-436E-87B6-E83DE923CFCF} = {7002CBD3-821B-4DB3-AA11-BA289898166A}
		{CD35420C-CBA2-4C69-AAED-5AA6C050579C} = {7002CBD3-821B-4DB3-AA11-BA289898166A}
		{807D6B30-B6B7-4CC5-955E-1F9A752895E6} = {B0EF8CB0-F3E6-44E2-A90A-3AFA8275DCA1}
	EndGlobalSection
	GlobalSection(ExtensibilityGlobals) = postSolution
		SolutionGuid = {C4CC3757-9869-4DB7-B9E1-E26F47403393}
	EndGlobalSection
EndGlobal
